Big Data Message Queue Innovation distinguishes between a leader and a follower. Do what you love and the money will follow. Difficult roads often lead to beautiful destinations. Neural Networks NLP Parallel Processing I find that the harder I work, the more luck I seem to have. Testing
GraphQL If you can dream it, you can do it. Predictive Analytics Python Edge Computing CI/CD Logging Quantum Computing NLP Performance UX Optimization Docker Multi-threading
Dream big and dare to fail. Firewalls IoT Scalability Quantum Computing Backend React Event-driven Architecture Data Science Serverless Virtual Machines Zero Downtime Deployment Opportunities don't happen. You create them. Deployment GraphQL
Latency Optimization Opportunities don't happen. You create them. Frontend I find that the harder I work, the more luck I seem to have. DevOps Edge Computing Data Pipeline
Zero Downtime Deployment Innovation distinguishes between a leader and a follower. Load Testing Happiness is not something ready made. It comes from your own actions. If you can dream it, you can do it. Multi-threading
Load Testing Do what you love and the money will follow. API Gateway Performance Innovation distinguishes between a leader and a follower. Microservices WebSockets Success is how high you bounce when you hit bottom. Data Science Code Review Success usually comes to those who are too busy to be looking for it.
